github.com/alexaandru/go-sitter-forest/c v1.9.4 h1:E7Qb0zN/DSQhsIaJvfKHIhk6QLxu+4DNi8OgoMpvyMM=
github.com/alexaandru/go-sitter-forest/c v1.9.4/go.mod h1:ycxxUak8lW4au1HrvwY93ztpiJyCjm0lUb0OYhXcvmk=
github.com/alexaandru/go-sitter-forest/c_sharp v1.9.6 h1:qGVeM/rs6ITL+WVZh0DVn6sHtDwuZpQIQwgmnVUbb9o=
github.com/alexaandru/go-sitter-forest/c_sharp v1.9.6/go.mod h1:Z7u9b/RpBzNY7Q17Rs0ASuRkDjXUn9eGOv0Hwsn8maw=
github.com/alexaandru/go-sitter-forest/cpp v1.9.5 h1:GudtwF4yPlT5NANI8+rU7xS3ilm03wVWghmuaorMzEw=
github.com/alexaandru/go-sitter-forest/cpp v1.9.5/go.mod h1:OVmJ399hre2mWHm+n0iOOZVcw9MHG2RuldxIvQKlbQ0=
github.com/alexaandru/go-sitter-forest/go v1.9.4 h1:Xpq8HijvTp2+AHL4UplLLiCOdIAA20u0JyM8NGBIBWs=
github.com/alexaandru/go-sitter-forest/go v1.9.4/go.mod h1:jCpJr1AOFPGq1DrAJevuurB04NJVk8jw3hYW3Mxc7G8=
github.com/alexaandru/go-sitter-forest/java v1.9.5 h1:ibPa56LZBAwQ9McU2CVEAwkaB3ManNfaGUDFcSOq6qs=
github.com/alexaandru/go-sitter-forest/java v1.9.5/go.mod h1:aWD8ZAZ6IbhsCnF7Jog1GWtx3ow//PiWkkAvVfnB8/I=
github.com/alexaandru/go-sitter-forest/javascript v1.9.2 h1:b8ZWUk/1bXLmGXN/tL26PQf0EQ6vSM7J6pnNjN8by2Q=
github.com/alexaandru/go-sitter-forest/javascript v1.9.2/go.mod h1:cWOFBHR7EffqM4sdVQ70WtTnFKPZxt5sAm1zS1tWaL8=
github.com/alexaandru/go-sitter-forest/kotlin v1.9.4 h1:H2cRqquwV3rbNsUGUvyRZKWwC4TMLEDjXs0jzbIZASE=
github.com/alexaandru/go-sitter-forest/kotlin v1.9.4/go.mod h1:QCAC6OJsnUIRMx1akoZNzKRe+slaQq4sGSLAVwMFTuQ=
github.com/alexaandru/go-sitter-forest/php v1.9.5 h1:t8FV0CrjobKKk941AJ5EZrLOeY6am25x/NR6iZx8emk=
github.com/alexaandru/go-sitter-forest/php v1.9.5/go.mod h1:LY33+NVll5+uKJ9YQiAFy/QcX02EHWlDlL/PPqAAjzg=
github.com/alexaandru/go-sitter-forest/python v1.9.10 h1:qKbso5wI4vlkQ0EjZBO5hRrxwqf0tmGLVdbzasZCcrg=
github.com/alexaandru/go-sitter-forest/python v1.9.10/go.mod h1:CXs3nuPcj4p3FqY8BnvJqsJ0vbsrda6Oj3sQDyRumNY=
github.com/alexaandru/go-sitter-forest/ruby v1.9.3 h1:3GdkatWtd0jXvhnxdqJCdM+9JwAQeTwtWStiDAjAgr0=
github.com/alexaandru/go-sitter-forest/ruby v1.9.3/go.mod h1:h+TaY3e2ayXHy1jgwLZ+Jnho97roJzmaefSZjFvUM9k=
github.com/alexaandru/go-sitter-forest/rust v1.9.13 h1:orVZVXQ+IkXkIvzeyO6YvHBwujEvbYFvpMRNAGulHmw=
github.com/alexaandru/go-sitter-forest/rust v1.9.13/go.mod h1:ZKZRL1Yfy6siuWMvv2h/F9lt/8kMKn6VHnGj00PPNmM=
github.com/alexaandru/go-sitter-forest/scala v1.9.8 h1:w3HtQ4aij4PnRTBsIHITHtym8WiPGBGNL5KIJ6qIofw=
github.com/alexaandru/go-sitter-forest/scala v1.9.8/go.mod h1:+CuFWqcheV8rHtOWWDADtP7az6uSZKQ6zE0DLhg+LeY=
github.com/alexaandru/go-sitter-forest/swift v1.9.5 h1:CCfvj4BRjvN7HtznqDbgU7ylHHO9ML34ezsJFbErjV0=
github.com/alexaandru/go-sitter-forest/swift v1.9.5/go.mod h1:EzSPcZpETNyJIoAyPdbQgFUxWM+vcO3y5eYh8kmNvNc=
github.com/alexaandru/go-sitter-forest/tsx v1.9.2 h1:R6CIvxcs6zGF/nwI7YbHzRM1HuRjL1g7nKYfDMR7ANE=
github.com/alexaandru/go-sitter-forest/tsx v1.9.2/go.mod h1:JIGhuMRPOeeUQbqrNiDh3YZV9iMtWTHUmTgSH8WMTIk=
github.com/alexaandru/go-sitter-forest/typescript v1.9.4 h1:k+zE1JbmcDjgqPxO0fVnCnsCFj0yWmRaLpp2sbC4MoA=
github.com/alexaandru/go-sitter-forest/typescript v1.9.4/go.mod h1:fzlkFeml5odd1gUkYOgiNXK4bF2M6hBcfTitiJPlso8=
github.com/davecgh/go-spew v1.1.1 h1:vj9j/u1bqnvCEfJOwUhtlOARqs3+rkHYY13jYWTU97c=
github.com/davecgh/go-spew v1.1.1/go.mod h1:J7Y8YcW2NihsgmVo/mv3lAwl/skON4iLHjSsI+c5H38=
github.com/dlclark/regexp2 v1.11.5 h1:Q/sSnsKerHeCkc/jSTNq1oCm7KiVgUMZRDUoRu0JQZQ=
github.com/dlclark/regexp2 v1.11.5/go.mod h1:DHkYz0B9wPfa6wondMfaivmHpzrQ3v9q8cnmRbL6yW8=
github.com/mattn/go-pointer v0.0.1 h1:n+XhsuGeVO6MEAp7xyEukFINEa+Quek5psIR/ylA6o0=
github.com/mattn/go-pointer v0.0.1/go.mod h1:2zXcozF6qYGgmsG+SeTZz3oAbFLdD3OWqnUbNvJZAlc=
github.com/pmezard/go-difflib v1.0.0 h1:4DBwDE0NGyQoBHbLQYPwSUPoCMWR5BEzIk/f1lZbAQM=
github.com/pmezard/go-difflib v1.0.0/go.mod h1:iKH77koFhYxTK1pcRnkKkqfTogsbg7gZNVY4sRDYZ/4=
github.com/stretchr/testify v1.10.0 h1:Xv5erBjTwe/5IxqUQTdXv5kgmIvbHo3QQyRwhJsOfJA=
github.com/stretchr/testify v1.10.0/go.mod h1:r2ic/lqez/lEtzL7wO/rwa5dbSLXVDPFyf8C91i36aY=
github.com/tiktoken-go/tokenizer v0.7.0 h1:VMu6MPT0bXFDHr7UPh9uii7CNItVt3X9K90omxL54vw=
github.com/tiktoken-go/tokenizer v0.7.0/go.mod h1:6UCYI/DtOallbmL7sSy30p6YQv60qNyU/4aVigPOx6w=
github.com/tree-sitter/go-tree-sitter v0.25.0 h1:sx6kcg8raRFCvc9BnXglke6axya12krCJF5xJ2sftRU=
github.com/tree-sitter/go-tree-sitter v0.25.0/go.mod h1:r77ig7BikoZhHrrsjAnv8RqGti5rtSyvDHPzgTPsUuU=
github.com/tree-sitter/tree-sitter-c v0.23.4 h1:nBPH3FV07DzAD7p0GfNvXM+Y7pNIoPenQWBpvM++t4c=
github.com/tree-sitter/tree-sitter-c v0.23.4/go.mod h1:MkI5dOiIpeN94LNjeCp8ljXN/953JCwAby4bClMr6bw=
github.com/tree-sitter/tree-sitter-cpp v0.23.4 h1:LaWZsiqQKvR65yHgKmnaqA+uz6tlDJTJFCyFIeZU/8w=
github.com/tree-sitter/tree-sitter-cpp v0.23.4/go.mod h1:doqNW64BriC7WBCQ1klf0KmJpdEvfxyXtoEybnBo6v8=
github.com/tree-sitter/tree-sitter-embedded-template v0.23.2 h1:nFkkH6Sbe56EXLmZBqHHcamTpmz3TId97I16EnGy4rg=
github.com/tree-sitter/tree-sitter-embedded-template v0.23.2/go.mod h1:HNPOhN0qF3hWluYLdxWs5WbzP/iE4aaRVPMsdxuzIaQ=
github.com/tree-sitter/tree-sitter-go v0.23.4 h1:yt5KMGnTHS+86pJmLIAZMWxukr8W7Ae1STPvQUuNROA=
github.com/tree-sitter/tree-sitter-go v0.23.4/go.mod h1:Jrx8QqYN0v7npv1fJRH1AznddllYiCMUChtVjxPK040=
github.com/tree-sitter/tree-sitter-html v0.23.2 h1:1UYDV+Yd05GGRhVnTcbP58GkKLSHHZwVaN+lBZV11Lc=
github.com/tree-sitter/tree-sitter-html v0.23.2/go.mod h1:gpUv/dG3Xl/eebqgeYeFMt+JLOY9cgFinb/Nw08a9og=
github.com/tree-sitter/tree-sitter-java v0.23.5 h1:J9YeMGMwXYlKSP3K4Us8CitC6hjtMjqpeOf2GGo6tig=
github.com/tree-sitter/tree-sitter-java v0.23.5/go.mod h1:NRKlI8+EznxA7t1Yt3xtraPk1Wzqh3GAIC46wxvc320=
github.com/tree-sitter/tree-sitter-javascript v0.23.1 h1:1fWupaRC0ArlHJ/QJzsfQ3Ibyopw7ZfQK4xXc40Zveo=
github.com/tree-sitter/tree-sitter-javascript v0.23.1/go.mod h1:lmGD1EJdCA+v0S1u2fFgepMg/opzSg/4pgFym2FPGAs=
github.com/tree-sitter/tree-sitter-json v0.24.8 h1:tV5rMkihgtiOe14a9LHfDY5kzTl5GNUYe6carZBn0fQ=
github.com/tree-sitter/tree-sitter-json v0.24.8/go.mod h1:F351KK0KGvCaYbZ5zxwx/gWWvZhIDl0eMtn+1r+gQbo=
github.com/tree-sitter/tree-sitter-php v0.23.11 h1:iHewsLNDmznh8kgGyfWfujsZxIz1YGbSd2ZTEM0ZiP8=
github.com/tree-sitter/tree-sitter-php v0.23.11/go.mod h1:T/kbfi+UcCywQfUNAJnGTN/fMSUjnwPXA8k4yoIks74=
github.com/tree-sitter/tree-sitter-python v0.23.6 h1:qHnWFR5WhtMQpxBZRwiaU5Hk/29vGju6CVtmvu5Haas=
github.com/tree-sitter/tree-sitter-python v0.23.6/go.mod h1:cpdthSy/Yoa28aJFBscFHlGiU+cnSiSh1kuDVtI8YeM=
github.com/tree-sitter/tree-sitter-ruby v0.23.1 h1:T/NKHUA+iVbHM440hFx+lzVOzS4dV6z8Qw8ai+72bYo=
github.com/tree-sitter/tree-sitter-ruby v0.23.1/go.mod h1:kUS4kCCQloFcdX6sdpr8p6r2rogbM6ZjTox5ZOQy8cA=
github.com/tree-sitter/tree-sitter-rust v0.23.2 h1:6AtoooCW5GqNrRpfnvl0iUhxTAZEovEmLKDbyHlfw90=
github.com/tree-sitter/tree-sitter-rust v0.23.2/go.mod h1:hfeGWic9BAfgTrc7Xf6FaOAguCFJRo3RBbs7QJ6D7MI=
gopkg.in/yaml.v3 v3.0.1 h1:fxVm/GzAzEWqLHuvctI91KS9hhNmmWOoWu0XTYJS7CA=
gopkg.in/yaml.v3 v3.0.1/go.mod h1:K4uyk7z7BCEPqu6E+C64Yfv1cQ7kz7rIZviUmN+EgEM=
